// !$*UTF8*$!
{
	archiveVersion = 1;
	classes = {
	};
	objectVersion = 46;
	objects = {

/* Begin PBXBuildFile section */
		856721F91CC7292400401109 /* main.m in Sources */ = {isa = PBXBuildFile; fileRef = 856721F81CC7292400401109 /* main.m */; };
		856721FC1CC7292400401109 /* AppDelegate.m in Sources */ = {isa = PBXBuildFile; fileRef = 856721FB1CC7292400401109 /* AppDelegate.m */; };
		856721FF1CC7292400401109 /* ViewController.m in Sources */ = {isa = PBXBuildFile; fileRef = 856721FE1CC7292400401109 /* ViewController.m */; };
		856722021CC7292400401109 /* Main.storyboard in Resources */ = {isa = PBXBuildFile; fileRef = 856722001CC7292400401109 /* Main.storyboard */; };
		856722041CC7292400401109 /* Assets.xcassets in Resources */ = {isa = PBXBuildFile; fileRef = 856722031CC7292400401109 /* Assets.xcassets */; };
		856722071CC7292400401109 /* LaunchScreen.storyboard in Resources */ = {isa = PBXBuildFile; fileRef = 856722051CC7292400401109 /* LaunchScreen.storyboard */; };
		856722121CC7292400401109 /* git_testTests.m in Sources */ = {isa = PBXBuildFile; fileRef = 856722111CC7292400401109 /* git_testTests.m */; };
		8567221D1CC7292400401109 /* git_testUITests.m in Sources */ = {isa = PBXBuildFile; fileRef = 8567221C1CC7292400401109 /* git_testUITests.m */; };
/* End PBXBuildFile section */

/* Begin PBXContainerItemProxy section */
		8567220E1CC7292400401109 /* PBXContainerItemProxy */ = {
			isa = PBXContainerItemProxy;
			containerPortal = 856721EC1CC7292300401109 /* Project object */;
			proxyType = 1;
			remoteGlobalIDString = 856721F31CC7292400401109;
			remoteInfo = "git-test";
		};
		856722191CC7292400401109 /* PBXContainerItemProxy */ = {
			isa = PBXContainerItemProxy;
			containerPortal = 856721EC1CC7292300401109 /* Project object */;
			proxyType = 1;
			remoteGlobalIDString = 856721F31CC7292400401109;
			remoteInfo = "git-test";
		};
/* End PBXContainerItemProxy section */

/* Begin PBXFileReference section */
		856721F41CC7292400401109 /* git-test.app */ = {isa = PBXFileReference; explicitFileType = wrapper.application; includeInIndex = 0; path = "git-test.app"; sourceTree = BUILT_PRODUCTS_DIR; };
		856721F81CC7292400401109 /* main.m */ = {isa = PBXFileReference; lastKnownFileType = sourcecode.c.objc; path = main.m; sourceTree = "<group>"; };
		856721FA1CC7292400401109 /* AppDelegate.h */ = {isa = PBXFileReference; lastKnownFileType = sourcecode.c.h; path = AppDelegate.h; sourceTree = "<group>"; };
		856721FB1CC7292400401109 /* AppDelegate.m */ = {isa = PBXFileReference; lastKnownFileType = sourcecode.c.objc; path = AppDelegate.m; sourceTree = "<group>"; };
		856721FD1CC7292400401109 /* ViewController.h */ = {isa = PBXFileReference; lastKnownFileType = sourcecode.c.h; path = ViewController.h; sourceTree = "<group>"; };
		856721FE1CC7292400401109 /* ViewController.m */ = {isa = PBXFileReference; lastKnownFileType = sourcecode.c.objc; path = ViewController.m; sourceTree = "<group>"; };
		856722011CC7292400401109 /* Base */ = {isa = PBXFileReference; lastKnownFileType = file.storyboard; name = Base; path = Base.lproj/Main.storyboard; sourceTree = "<group>"; };
		856722031CC7292400401109 /* Assets.xcassets */ = {isa = PBXFileReference; lastKnownFileType = folder.assetcatalog; path = Assets.xcassets; sourceTree = "<group>"; };
		856722061CC7292400401109 /* Base */ = {isa = PBXFileReference; lastKnownFileType = file.storyboard; name = Base; path = Base.lproj/LaunchScreen.storyboard; sourceTree = "<group>"; };
		856722081CC7292400401109 /* Info.plist */ = {isa = PBXFileReference; lastKnownFileType = text.plist.xml; path = Info.plist; sourceTree = "<group>"; };
		8567220D1CC7292400401109 /* git-testTests.xctest */ = {isa = PBXFileReference; explicitFileType = wrapper.cfbundle; includeInIndex = 0; path = "git-testTests.xctest"; sourceTree = BUILT_PRODUCTS_DIR; };
		856722111CC7292400401109 /* git_testTests.m */ = {isa = PBXFileReference; lastKnownFileType = sourcecode.c.objc; path = git_testTests.m; sourceTree = "<group>"; };
		856722131CC7292400401109 /* Info.plist */ = {isa = PBXFileReference; lastKnownFileType = text.plist.xml; path = Info.plist; sourceTree = "<group>"; };
		856722181CC7292400401109 /* git-testUITests.xctest */ = {isa = PBXFileReference; explicitFileType = wrapper.cfbundle; includeInIndex = 0; path = "git-testUITests.xctest"; sourceTree = BUILT_PRODUCTS_DIR; };
		8567221C1CC7292400401109 /* git_testUITests.m */ = {isa = PBXFileReference; lastKnownFileType = sourcecode.c.objc; path = git_testUITests.m; sourceTree = "<group>"; };
		8567221E1CC7292400401109 /* Info.plist */ = {isa = PBXFileReference; lastKnownFileType = text.plist.xml; path = Info.plist; sourceTree = "<group>"; };
/* End PBXFileReference section */

/* Begin PBXFrameworksBuildPhase section */
		856721F11CC7292400401109 /* Frameworks */ = {
			isa = PBXFrameworksBuildPhase;
			buildActionMask = 2147483647;
			files = (
			);
			runOnlyForDeploymentPostprocessing = 0;
		};
		8567220A1CC7292400401109 /* Frameworks */ = {
			isa = PBXFrameworksBuildPhase;
			buildActionMask = 2147483647;
			files = (
			);
			runOnlyForDeploymentPostprocessing = 0;
		};
		856722151CC7292400401109 /* Frameworks */ = {
			isa = PBXFrameworksBuildPhase;
			buildActionMask = 2147483647;
			files = (
			);
			runOnlyForDeploymentPostprocessing = 0;
		};
/* End PBXFrameworksBuildPhase section */

/* Begin PBXGroup section */
		856721EB1CC7292300401109 = {
			isa = PBXGroup;
			children = (
				856721F61CC7292400401109 /* git-test */,
				856722101CC7292400401109 /* git-testTests */,
				8567221B1CC7292400401109 /* git-testUITests */,
				856721F51CC7292400401109 /* Products */,
			);
			sourceTree = "<group>";
		};
		856721F51CC7292400401109 /* Products */ = {
			isa = PBXGroup;
			children = (
				856721F41CC7292400401109 /* git-test.app */,
				8567220D1CC7292400401109 /* git-testTests.xctest */,
				856722181CC7292400401109 /* git-testUITests.xctest */,
			);
			name = Products;
			sourceTree = "<group>";
		};
		856721F61CC7292400401109 /* git-test */ = {
			isa = PBXGroup;
			children = (
				856721FA1CC7292400401109 /* AppDelegate.h */,
				856721FB1CC7292400401109 /* AppDelegate.m */,
				856721FD1CC7292400401109 /* ViewController.h */,
				856721FE1CC7292400401109 /* ViewController.m */,
				856722001CC7292400401109 /* Main.storyboard */,
				856722031CC7292400401109 /* Assets.xcassets */,
				856722051CC7292400401109 /* LaunchScreen.storyboard */,
				856722081CC7292400401109 /* Info.plist */,
				856721F71CC7292400401109 /* Supporting Files */,
			);
			path = "git-test";
			sourceTree = "<group>";
		};
		856721F71CC7292400401109 /* Supporting Files */ = {
			isa = PBXGroup;
			children = (
				856721F81CC7292400401109 /* main.m */,
			);
			name = "Supporting Files";
			sourceTree = "<group>";
		};
		856722101CC7292400401109 /* git-testTests */ = {
			isa = PBXGroup;
			children = (
				856722111CC7292400401109 /* git_testTests.m */,
				856722131CC7292400401109 /* Info.plist */,
			);
			path = "git-testTests";
			sourceTree = "<group>";
		};
		8567221B1CC7292400401109 /* git-testUITests */ = {
			isa = PBXGroup;
			children = (
				8567221C1CC7292400401109 /* git_testUITests.m */,
				8567221E1CC7292400401109 /* Info.plist */,
			);
			path = "git-testUITests";
			sourceTree = "<group>";
		};
/* End PBXGroup section */

/* Begin PBXNativeTarget section */
		856721F31CC7292400401109 /* git-test */ = {
			isa = PBXNativeTarget;
			buildConfigurationList = 856722211CC7292400401109 /* Build configuration list for PBXNativeTarget "git-test" */;
			buildPhases = (
				856721F01CC7292400401109 /* Sources */,
				856721F11CC7292400401109 /* Frameworks */,
				856721F21CC7292400401109 /* Resources */,
			);
			buildRules = (
			);
			dependencies = (
			);
			name = "git-test";
			productName = "git-test";
			productReference = 856721F41CC7292400401109 /* git-test.app */;
			productType = "com.apple.product-type.application";
		};
		8567220C1CC7292400401109 /* git-testTests */ = {
			isa = PBXNativeTarget;
			buildConfigurationList = 856722241CC7292400401109 /* Build configuration list for PBXNativeTarget "git-testTests" */;
			buildPhases = (
				856722091CC7292400401109 /* Sources */,
				8567220A1CC7292400401109 /* Frameworks */,
				8567220B1CC7292400401109 /* Resources */,
			);
			buildRules = (
			);
			dependencies = (
				8567220F1CC7292400401109 /* PBXTargetDependency */,
			);
			name = "git-testTests";
			productName = "git-testTests";
			productReference = 8567220D1CC7292400401109 /* git-testTests.xctest */;
			productType = "com.apple.product-type.bundle.unit-test";
		};
		856722171CC7292400401109 /* git-testUITests */ = {
			isa = PBXNativeTarget;
			buildConfigurationList = 856722271CC7292400401109 /* Build configuration list for PBXNativeTarget "git-testUITests" */;
			buildPhases = (
				856722141CC7292400401109 /* Sources */,
				856722151CC7292400401109 /* Frameworks */,
				856722161CC7292400401109 /* Resources */,
			);
			buildRules = (
			);
			dependencies = (
				8567221A1CC7292400401109 /* PBXTargetDependency */,
			);
			name = "git-testUITests";
			productName = "git-testUITests";
			productReference = 856722181CC7292400401109 /* git-testUITests.xctest */;
			productType = "com.apple.product-type.bundle.ui-testing";
		};
/* End PBXNativeTarget section */

/* Begin PBXProject section */
		856721EC1CC7292300401109 /* Project object */ = {
			isa = PBXProject;
			attributes = {
				LastUpgradeCheck = 0720;
				ORGANIZATIONNAME = "樊志林";
				TargetAttributes = {
					856721F31CC7292400401109 = {
						CreatedOnToolsVersion = 7.2;
						DevelopmentTeam = E6ZUGFZ74K;
					};
					8567220C1CC7292400401109 = {
						CreatedOnToolsVersion = 7.2;
						DevelopmentTeam = E6ZUGFZ74K;
						TestTargetID = 856721F31CC7292400401109;
					};
					856722171CC7292400401109 = {
						CreatedOnToolsVersion = 7.2;
						DevelopmentTeam = E6ZUGFZ74K;
						TestTargetID = 856721F31CC7292400401109;
					};
				};
			};
			buildConfigurationList = 856721EF1CC7292300401109 /* Build configuration list for PBXProject "git-test" */;
			compatibilityVersion = "Xcode 3.2";
			developmentRegion = English;
			hasScannedForEncodings = 0;
			knownRegions = (
				en,
				Base,
			);
			mainGroup = 856721EB1CC7292300401109;
			productRefGroup = 856721F51CC7292400401109 /* Products */;
			projectDirPath = "";
			projectRoot = "";
			targets = (
				856721F31CC7292400401109 /* git-test */,
				8567220C1CC7292400401109 /* git-testTests */,
				856722171CC7292400401109 /* git-testUITests */,
			);
		};
/* End PBXProject section */

/* Begin PBXResourcesBuildPhase section */
		856721F21CC7292400401109 /* Resources */ = {
			isa = PBXResourcesBuildPhase;
			buildActionMask = 2147483647;
			files = (
				856722071CC7292400401109 /* LaunchScreen.storyboard in Resources */,
				856722041CC7292400401109 /* Assets.xcassets in Resources */,
				856722021CC7292400401109 /* Main.storyboard in Resources */,
			);
			runOnlyForDeploymentPostprocessing = 0;
		};
		8567220B1CC7292400401109 /* Resources */ = {
			isa = PBXResourcesBuildPhase;
			buildActionMask = 2147483647;
			files = (
			);
			runOnlyForDeploymentPostprocessing = 0;
		};
		856722161CC7292400401109 /* Resources */ = {
			isa = PBXResourcesBuildPhase;
			buildActionMask = 2147483647;
			files = (
			);
			runOnlyForDeploymentPostprocessing = 0;
		};
/* End PBXResourcesBuildPhase section */

/* Begin PBXSourcesBuildPhase section */
		856721F01CC7292400401109 /* Sources */ = {
			isa = PBXSourcesBuildPhase;
			buildActionMask = 2147483647;
			files = (
				856721FF1CC7292400401109 /* ViewController.m in Sources */,
				856721FC1CC7292400401109 /* AppDelegate.m in Sources */,
				856721F91CC7292400401109 /* main.m in Sources */,
			);
			runOnlyForDeploymentPostprocessing = 0;
		};
		856722091CC7292400401109 /* Sources */ = {
			isa = PBXSourcesBuildPhase;
			buildActionMask = 2147483647;
			files = (
				856722121CC7292400401109 /* git_testTests.m in Sources */,
			);
			runOnlyForDeploymentPostprocessing = 0;
		};
		856722141CC7292400401109 /* Sources */ = {
			isa = PBXSourcesBuildPhase;
			buildActionMask = 2147483647;
			files = (
				8567221D1CC7292400401109 /* git_testUITests.m in Sources */,
			);
			runOnlyForDeploymentPostprocessing = 0;
		};
/* End PBXSourcesBuildPhase section */

/* Begin PBXTargetDependency section */
		8567220F1CC7292400401109 /* PBXTargetDependency */ = {
			isa = PBXTargetDependency;
			target = 856721F31CC7292400401109 /* git-test */;
			targetProxy = 8567220E1CC7292400401109 /* PBXContainerItemProxy */;
		};
		8567221A1CC7292400401109 /* PBXTargetDependency */ = {
			isa = PBXTargetDependency;
			target = 856721F31CC7292400401109 /* git-test */;
			targetProxy = 856722191CC7292400401109 /* PBXContainerItemProxy */;
		};
/* End PBXTargetDependency section */

/* Begin PBXVariantGroup section */
		856722001CC7292400401109 /* Main.storyboard */ = {
			isa = PBXVariantGroup;
			children = (
				856722011CC7292400401109 /* Base */,
			);
			name = Main.storyboard;
			sourceTree = "<group>";
		};
		856722051CC7292400401109 /* LaunchScreen.storyboard */ = {
			isa = PBXVariantGroup;
			children = (
				856722061CC7292400401109 /* Base */,
			);
			name = LaunchScreen.storyboard;
			sourceTree = "<group>";
		};
/* End PBXVariantGroup section */

/* Begin XCBuildConfiguration section */
		8567221F1CC7292400401109 /* Debug */ = {
			isa = XCBuildConfiguration;
			buildSettings = {
				ALWAYS_SEARCH_USER_PATHS = NO;
				CLANG_CXX_LANGUAGE_STANDARD = "gnu++0x";
				CLANG_CXX_LIBRARY = "libc++";
				CLANG_ENABLE_MODULES = YES;
				CLANG_ENABLE_OBJC_ARC = YES;
				CLANG_WARN_BOOL_CONVERSION = YES;
				CLANG_WARN_CONSTANT_CONVERSION = YES;
				CLANG_WARN_DIRECT_OBJC_ISA_USAGE = YES_ERROR;
				CLANG_WARN_EMPTY_BODY = YES;
				CLANG_WARN_ENUM_CONVERSION = YES;
				CLANG_WARN_INT_CONVERSION = YES;
				CLANG_WARN_OBJC_ROOT_CLASS = YES_ERROR;
				CLANG_WARN_UNREACHABLE_CODE = YES;
				CLANG_WARN__DUPLICATE_METHOD_MATCH = YES;
				"CODE_SIGN_IDENTITY[sdk=iphoneos*]" = "iPhone Developer";
				COPY_PHASE_STRIP = NO;
				DEBUG_INFORMATION_FORMAT = dwarf;
				ENABLE_STRICT_OBJC_MSGSEND = YES;
				ENABLE_TESTABILITY = YES;
				GCC_C_LANGUAGE_STANDARD = gnu99;
				GCC_DYNAMIC_NO_PIC = NO;
				GCC_NO_COMMON_BLOCKS = YES;
				GCC_OPTIMIZATION_LEVEL = 0;
				GCC_PREPROCESSOR_DEFINITIONS = (
					"DEBUG=1",
					"$(inherited)",
				);
				GCC_WARN_64_TO_32_BIT_CONVERSION = YES;
				GCC_WARN_ABOUT_RETURN_TYPE = YES_ERROR;
				GCC_WARN_UNDECLARED_SELECTOR = YES;
				GCC_WARN_UNINITIALIZED_AUTOS = YES_AGGRESSIVE;
				GCC_WARN_UNUSED_FUNCTION = YES;
				GCC_WARN_UNUSED_VARIABLE = YES;
				IPHONEOS_DEPLOYMENT_TARGET = 9.2;
				MTL_ENABLE_DEBUG_INFO = YES;
				ONLY_ACTIVE_ARCH = YES;
				SDKROOT = iphoneos;
			};
			name = Debug;
		};
		856722201CC7292400401109 /* Release */ = {
			isa = XCBuildConfiguration;
			buildSettings = {
				ALWAYS_SEARCH_USER_PATHS = NO;
				CLANG_CXX_LANGUAGE_STANDARD = "gnu++0x";
				CLANG_CXX_LIBRARY = "libc++";
				CLANG_ENABLE_MODULES = YES;
				CLANG_ENABLE_OBJC_ARC = YES;
				CLANG_WARN_BOOL_CONVERSION = YES;
				CLANG_WARN_CONSTANT_CONVERSION = YES;
				CLANG_WARN_DIRECT_OBJC_ISA_USAGE = YES_ERROR;
				CLANG_WARN_EMPTY_BODY = YES;
				CLANG_WARN_ENUM_CONVERSION = YES;
				CLANG_WARN_INT_CONVERSION = YES;
				CLANG_WARN_OBJC_ROOT_CLASS = YES_ERROR;
				CLANG_WARN_UNREACHABLE_CODE = YES;
				CLANG_WARN__DUPLICATE_METHOD_MATCH = YES;
				"CODE_SIGN_IDENTITY[sdk=iphoneos*]" = "iPhone Developer";
				COPY_PHASE_STRIP = NO;
				DEBUG_INFORMATION_FORMAT = "dwarf-with-dsym";
				ENABLE_NS_ASSERTIONS = NO;
				ENABLE_STRICT_OBJC_MSGSEND = YES;
				GCC_C_LANGUAGE_STANDARD = gnu99;
				GCC_NO_COMMON_BLOCKS = YES;
				GCC_WARN_64_TO_32_BIT_CONVERSION = YES;
				GCC_WARN_ABOUT_RETURN_TYPE = YES_ERROR;
				GCC_WARN_UNDECLARED_SELECTOR = YES;
				GCC_WARN_UNINITIALIZED_AUTOS = YES_AGGRESSIVE;
				GCC_WARN_UNUSED_FUNCTION = YES;
				GCC_WARN_UNUSED_VARIABLE = YES;
				IPHONEOS_DEPLOYMENT_TARGET = 9.2;
				MTL_ENABLE_DEBUG_INFO = NO;
				SDKROOT = iphoneos;
				VALIDATE_PRODUCT = YES;
			};
			name = Release;
		};
		856722221CC7292400401109 /* Debug */ = {
			isa = XCBuildConfiguration;
			buildSettings = {
				ASSETCATALOG_COMPILER_APPICON_NAME = AppIcon;
				INFOPLIST_FILE = "git-test/Info.plist";
				LD_RUNPATH_SEARCH_PATHS = "$(inherited) @executable_path/Frameworks";
				PRODUCT_BUNDLE_IDENTIFIER = "com.fanzhilin.git-test";
				PRODUCT_NAME = "$(TARGET_NAME)";
			};
			name = Debug;
		};
		856722231CC7292400401109 /* Release */ = {
			isa = XCBuildConfiguration;
			buildSettings = {
				ASSETCATALOG_COMPILER_APPICON_NAME = AppIcon;
				INFOPLIST_FILE = "git-test/Info.plist";
				LD_RUNPATH_SEARCH_PATHS = "$(inherited) @executable_path/Frameworks";
				PRODUCT_BUNDLE_IDENTIFIER = "com.fanzhilin.git-test";
				PRODUCT_NAME = "$(TARGET_NAME)";
			};
			name = Release;
		};
		856722251CC7292400401109 /* Debug */ = {
			isa = XCBuildConfiguration;
			buildSettings = {
				BUNDLE_LOADER = "$(TEST_HOST)";
				INFOPLIST_FILE = "git-testTests/Info.plist";
				LD_RUNPATH_SEARCH_PATHS = "$(inherited) @executable_path/Frameworks @loader_path/Frameworks";
				PRODUCT_BUNDLE_IDENTIFIER = "com.fanzhilin.git-testTests";
				PRODUCT_NAME = "$(TARGET_NAME)";
				TEST_HOST = "$(BUILT_PRODUCTS_DIR)/git-test.app/git-test";
			};
			name = Debug;
		};
		856722261CC7292400401109 /* Release */ = {
			isa = XCBuildConfiguration;
			buildSettings = {
				BUNDLE_LOADER = "$(TEST_HOST)";
				INFOPLIST_FILE = "git-testTests/Info.plist";
				LD_RUNPATH_SEARCH_PATHS = "$(inherited) @executable_path/Frameworks @loader_path/Frameworks";
				PRODUCT_BUNDLE_IDENTIFIER = "com.fanzhilin.git-testTests";
				PRODUCT_NAME = "$(TARGET_NAME)";
				TEST_HOST = "$(BUILT_PRODUCTS_DIR)/git-test.app/git-test";
			};
			name = Release;
		};
		856722281CC7292400401109 /* Debug */ = {
			isa = XCBuildConfiguration;
			buildSettings = {
				INFOPLIST_FILE = "git-testUITests/Info.plist";
				LD_RUNPATH_SEARCH_PATHS = "$(inherited) @executable_path/Frameworks @loader_path/Frameworks";
				PRODUCT_BUNDLE_IDENTIFIER = "com.fanzhilin.git-testUITests";
				PRODUCT_NAME = "$(TARGET_NAME)";
				TEST_TARGET_NAME = "git-test";
				USES_XCTRUNNER = YES;
			};
			name = Debug;
		};
		856722291CC7292400401109 /* Release */ = {
			isa = XCBuildConfiguration;
			buildSettings = {
				INFOPLIST_FILE = "git-testUITests/Info.plist";
				LD_RUNPATH_SEARCH_PATHS = "$(inherited) @executable_path/Frameworks @loader_path/Frameworks";
				PRODUCT_BUNDLE_IDENTIFIER = "com.fanzhilin.git-testUITests";
				PRODUCT_NAME = "$(TARGET_NAME)";
				TEST_TARGET_NAME = "git-test";
				USES_XCTRUNNER = YES;
			};
			name = Release;
		};
/* End XCBuildConfiguration section */

/* Begin XCConfigurationList section */
		856721EF1CC7292300401109 /* Build configuration list for PBXProject "git-test" */ = {
			isa = XCConfigurationList;
			buildConfigurations = (
				8567221F1CC7292400401109 /* Debug */,
				856722201CC7292400401109 /* Release */,
			);
			defaultConfigurationIsVisible = 0;
			defaultConfigurationName = Release;
		};
		856722211CC7292400401109 /* Build configuration list for PBXNativeTarget "git-test" */ = {
			isa = XCConfigurationList;
			buildConfigurations = (
				856722221CC7292400401109 /* Debug */,
				856722231CC7292400401109 /* Release */,
			);
			defaultConfigurationIsVisible = 0;
		};
		856722241CC7292400401109 /* Build configuration list for PBXNativeTarget "git-testTests" */ = {
			isa = XCConfigurationList;
			buildConfigurations = (
				856722251CC7292400401109 /* Debug */,
				856722261CC7292400401109 /* Release */,
			);
			defaultConfigurationIsVisible = 0;
		};
		856722271CC7292400401109 /* Build configuration list for PBXNativeTarget "git-testUITests" */ = {
			isa = XCConfigurationList;
			buildConfigurations = (
				856722281CC7292400401109 /* Debug */,
				856722291CC7292400401109 /* Release */,
			);
			defaultConfigurationIsVisible = 0;
		};
/* End XCConfigurationList section */
	};
	rootObject = 856721EC1CC7292300401109 /* Project object */;
}
